
Microsoft Visual Studio Solution File, Format Version 12.00
# Visual Studio Version 17
VisualStudioVersion = 17.9.34728.123
MinimumVisualStudioVersion = 10.0.40219.1
Project("{FAE04EC0-301F-11D3-BF4B-00C04F79EFBC}") = "HomeWork3_11_2", "HomeWork3_11_2\HomeWork3_11_2.csproj", "{A374436C-50E2-45C6-A8DF-72B9C479FA62}"
EndProject
Project("{FAE04EC0-301F-11D3-BF4B-00C04F79EFBC}") = "HomeWork3_11_3", "HomeWork3_11_3\HomeWork3_11_3.csproj", "{6473C3B2-5B48-4C1B-A63D-24BE08CE7605}"
EndProject
Project("{FAE04EC0-301F-11D3-BF4B-00C04F79EFBC}") = "HomeWork3_11_4", "HomeWork3_11_4\HomeWork3_11_4.csproj", "{094D2634-B573-42A2-87B2-9CB9951C65A5}"
EndProject
Project("{FAE04EC0-301F-11D3-BF4B-00C04F79EFBC}") = "HomeWork3_11_6", "HomeWork3_11_6\HomeWork3_11_6.csproj", "{6BF231B3-8D12-4AC0-8950-789CCE3D51E3}"
EndProject
Project("{FAE04EC0-301F-11D3-BF4B-00C04F79EFBC}") = "HomeWork3_11_7", "HomeWork3_11_7\HomeWork3_11_7.csproj", "{CBF4AD67-B149-4853-ABCA-F0E1A8960018}"
EndProject
Global
	GlobalSection(SolutionConfigurationPlatforms) = preSolution
		Debug|Any CPU = Debug|Any CPU
		Release|Any CPU = Release|Any CPU
	EndGlobalSection
	GlobalSection(ProjectConfigurationPlatforms) = postSolution
		{A374436C-50E2-45C6-A8DF-72B9C479FA62}.Debug|Any CPU.ActiveCfg = Debug|Any CPU
		{A374436C-50E2-45C6-A8DF-72B9C479FA62}.Debug|Any CPU.Build.0 = Debug|Any CPU
		{A374436C-50E2-45C6-A8DF-72B9C479FA62}.Release|Any CPU.ActiveCfg = Release|Any CPU
		{A374436C-50E2-45C6-A8DF-72B9C479FA62}.Release|Any CPU.Build.0 = Release|Any CPU
		{6473C3B2-5B48-4C1B-A63D-24BE08CE7605}.Debug|Any CPU.ActiveCfg = Debug|Any CPU
		{6473C3B2-5B48-4C1B-A63D-24BE08CE7605}.Debug|Any CPU.Build.0 = Debug|Any CPU
		{6473C3B2-5B48-4C1B-A63D-24BE08CE7605}.Release|Any CPU.ActiveCfg = Release|Any CPU
		{6473C3B2-5B48-4C1B-A63D-24BE08CE7605}.Release|Any CPU.Build.0 = Release|Any CPU
		{094D2634-B573-42A2-87B2-9CB9951C65A5}.Debug|Any CPU.ActiveCfg = Debug|Any CPU
		{094D2634-B573-42A2-87B2-9CB9951C65A5}.Debug|Any CPU.Build.0 = Debug|Any CPU
		{094D2634-B573-42A2-87B2-9CB9951C65A5}.Release|Any CPU.ActiveCfg = Release|Any CPU
		{094D2634-B573-42A2-87B2-9CB9951C65A5}.Release|Any CPU.Build.0 = Release|Any CPU
		{6BF231B3-8D12-4AC0-8950-789CCE3D51E3}.Debug|Any CPU.ActiveCfg = Debug|Any CPU
		{6BF231B3-8D12-4AC0-8950-789CCE3D51E3}.Debug|Any CPU.Build.0 = Debug|Any CPU
		{6BF231B3-8D12-4AC0-8950-789CCE3D51E3}.Release|Any CPU.ActiveCfg = Release|Any CPU
		{6BF231B3-8D12-4AC0-8950-789CCE3D51E3}.Release|Any CPU.Build.0 = Release|Any CPU
		{CBF4AD67-B149-4853-ABCA-F0E1A8960018}.Debug|Any CPU.ActiveCfg = Debug|Any CPU
		{CBF4AD67-B149-4853-ABCA-F0E1A8960018}.Debug|Any CPU.Build.0 = Debug|Any CPU
		{CBF4AD67-B149-4853-ABCA-F0E1A8960018}.Release|Any CPU.ActiveCfg = Release|Any CPU
		{CBF4AD67-B149-4853-ABCA-F0E1A8960018}.Release|Any CPU.Build.0 = Release|Any CPU
	EndGlobalSection
	GlobalSection(SolutionProperties) = preSolution
		HideSolutionNode = FALSE
	EndGlobalSection
	GlobalSection(ExtensibilityGlobals) = postSolution
		SolutionGuid = {8050808E-24D1-43BD-B076-5FDFC127B562}
	EndGlobalSection
EndGlobal
